
Microsoft Visual Studio Solution File, Format Version 12.00
# Visual Studio Version 17
VisualStudioVersion = 17.11.35327.3
MinimumVisualStudioVersion = 10.0.40219.1
Project("{FAE04EC0-301F-11D3-BF4B-00C04F79EFBC}") = "Personlig Profil", "Personlig Profil.csproj", "{4E164986-A65B-40BC-85FC-8CF259E87D63}"
EndProject
Global
	GlobalSection(SolutionConfigurationPlatforms) = preSolution
		Debug|Any CPU = Debug|Any CPU
		Release|Any CPU = Release|Any CPU
	EndGlobalSection
	GlobalSection(ProjectConfigurationPlatforms) = postSolution
		{4E164986-A65B-40BC-85FC-8CF259E87D63}.Debug|Any CPU.ActiveCfg = Debug|Any CPU
		{4E164986-A65B-40BC-85FC-8CF259E87D63}.Debug|Any CPU.Build.0 = Debug|Any CPU
		{4E164986-A65B-40BC-85FC-8CF259E87D63}.Release|Any CPU.ActiveCfg = Release|Any CPU
		{4E164986-A65B-40BC-85FC-8CF259E87D63}.Release|Any CPU.Build.0 = Release|Any CPU
	EndGlobalSection
	GlobalSection(SolutionProperties) = preSolution
		HideSolutionNode = FALSE
	EndGlobalSection
	GlobalSection(ExtensibilityGlobals) = postSolution
		SolutionGuid = {AA44F742-E8F8-46DC-9C98-8C572CAE5022}
	EndGlobalSection
EndGlobal
